// !$*UTF8*$!
{
	archiveVersion = 1;
	classes = {
	};
	objectVersion = 46;
	objects = {

/* Begin PBXBuildFile section */
		39CF3A901D64D0F50066810B /* AppDelegate.swift in Sources */ = {isa = PBXBuildFile; fileRef = 39CF3A8F1D64D0F50066810B /* AppDelegate.swift */; };
		39CF3A921D64D0F50066810B /* ViewController.swift in Sources */ = {isa = PBXBuildFile; fileRef = 39CF3A911D64D0F50066810B /* ViewController.swift */; };
		39CF3A951D64D0F60066810B /* Main.storyboard in Resources */ = {isa = PBXBuildFile; fileRef = 39CF3A931D64D0F60066810B /* Main.storyboard */; };
		39CF3A971D64D0F60066810B /* Assets.xcassets in Resources */ = {isa = PBXBuildFile; fileRef = 39CF3A961D64D0F60066810B /* Assets.xcassets */; };
		39CF3A9A1D64D0F60066810B /* LaunchScreen.storyboard in Resources */ = {isa = PBXBuildFile; fileRef = 39CF3A981D64D0F60066810B /* LaunchScreen.storyboard */; };
		39CF3AA61D64DED80066810B /* TipoMasa.swift in Sources */ = {isa = PBXBuildFile; fileRef = 39CF3AA51D64DED80066810B /* TipoMasa.swift */; };
		39CF3AA81D64DEF80066810B /* TipoQueso.swift in Sources */ = {isa = PBXBuildFile; fileRef = 39CF3AA71D64DEF80066810B /* TipoQueso.swift */; };
		39CF3AAA1D64DF110066810B /* Ingredientes.swift in Sources */ = {isa = PBXBuildFile; fileRef = 39CF3AA91D64DF110066810B /* Ingredientes.swift */; };
/* End PBXBuildFile section */

/* Begin PBXFileReference section */
		39CF3A8C1D64D0F50066810B /* SelectorPizzas.app */ = {isa = PBXFileReference; explicitFileType = wrapper.application; includeInIndex = 0; path = SelectorPizzas.app; sourceTree = BUILT_PRODUCTS_DIR; };
		39CF3A8F1D64D0F50066810B /* AppDelegate.swift */ = {isa = PBXFileReference; lastKnownFileType = sourcecode.swift; path = AppDelegate.swift; sourceTree = "<group>"; };
		39CF3A911D64D0F50066810B /* ViewController.swift */ = {isa = PBXFileReference; lastKnownFileType = sourcecode.swift; path = ViewController.swift; sourceTree = "<group>"; };
		39CF3A941D64D0F60066810B /* Base */ = {isa = PBXFileReference; lastKnownFileType = file.storyboard; name = Base; path = Base.lproj/Main.storyboard; sourceTree = "<group>"; };
		39CF3A961D64D0F60066810B /* Assets.xcassets */ = {isa = PBXFileReference; lastKnownFileType = folder.assetcatalog; path = Assets.xcassets; sourceTree = "<group>"; };
		39CF3A991D64D0F60066810B /* Base */ = {isa = PBXFileReference; lastKnownFileType = file.storyboard; name = Base; path = Base.lproj/LaunchScreen.storyboard; sourceTree = "<group>"; };
		39CF3A9B1D64D0F60066810B /* Info.plist */ = {isa = PBXFileReference; lastKnownFileType = text.plist.xml; path = Info.plist; sourceTree = "<group>"; };
		39CF3AA51D64DED80066810B /* TipoMasa.swift */ = {isa = PBXFileReference; fileEncoding = 4; lastKnownFileType = sourcecode.swift; path = TipoMasa.swift; sourceTree = "<group>"; };
		39CF3AA71D64DEF80066810B /* TipoQueso.swift */ = {isa = PBXFileReference; fileEncoding = 4; lastKnownFileType = sourcecode.swift; path = TipoQueso.swift; sourceTree = "<group>"; };
		39CF3AA91D64DF110066810B /* Ingredientes.swift */ = {isa = PBXFileReference; fileEncoding = 4; lastKnownFileType = sourcecode.swift; path = Ingredientes.swift; sourceTree = "<group>"; };
/* End PBXFileReference section */

/* Begin PBXFrameworksBuildPhase section */
		39CF3A891D64D0F50066810B /* Frameworks */ = {
			isa = PBXFrameworksBuildPhase;
			buildActionMask = 2147483647;
			files = (
			);
			runOnlyForDeploymentPostprocessing = 0;
		};
/* End PBXFrameworksBuildPhase section */

/* Begin PBXGroup section */
		39CF3A831D64D0F50066810B = {
			isa = PBXGroup;
			children = (
				39CF3A8E1D64D0F50066810B /* SelectorPizzas */,
				39CF3A8D1D64D0F50066810B /* Products */,
			);
			sourceTree = "<group>";
		};
		39CF3A8D1D64D0F50066810B /* Products */ = {
			isa = PBXGroup;
			children = (
				39CF3A8C1D64D0F50066810B /* SelectorPizzas.app */,
			);
			name = Products;
			sourceTree = "<group>";
		};
		39CF3A8E1D64D0F50066810B /* SelectorPizzas */ = {
			isa = PBXGroup;
			children = (
				39CF3A8F1D64D0F50066810B /* AppDelegate.swift */,
				39CF3A911D64D0F50066810B /* ViewController.swift */,
				39CF3A931D64D0F60066810B /* Main.storyboard */,
				39CF3A961D64D0F60066810B /* Assets.xcassets */,
				39CF3A981D64D0F60066810B /* LaunchScreen.storyboard */,
				39CF3A9B1D64D0F60066810B /* Info.plist */,
				39CF3AA51D64DED80066810B /* TipoMasa.swift */,
				39CF3AA71D64DEF80066810B /* TipoQueso.swift */,
				39CF3AA91D64DF110066810B /* Ingredientes.swift */,
			);
			path = SelectorPizzas;
			sourceTree = "<group>";
		};
/* End PBXGroup section */

/* Begin PBXNativeTarget section */
		39CF3A8B1D64D0F50066810B /* SelectorPizzas */ = {
			isa = PBXNativeTarget;
			buildConfigurationList = 39CF3A9E1D64D0F60066810B /* Build configuration list for PBXNativeTarget "SelectorPizzas" */;
			buildPhases = (
				39CF3A881D64D0F50066810B /* Sources */,
				39CF3A891D64D0F50066810B /* Frameworks */,
				39CF3A8A1D64D0F50066810B /* Resources */,
			);
			buildRules = (
			);
			dependencies = (
			);
			name = SelectorPizzas;
			productName = SelectorPizzas;
			productReference = 39CF3A8C1D64D0F50066810B /* SelectorPizzas.app */;
			productType = "com.apple.product-type.application";
		};
/* End PBXNativeTarget section */

/* Begin PBXProject section */
		39CF3A841D64D0F50066810B /* Project object */ = {
			isa = PBXProject;
			attributes = {
				LastSwiftUpdateCheck = 0730;
				LastUpgradeCheck = 0730;
				ORGANIZATIONNAME = "Juan Luis";
				TargetAttributes = {
					39CF3A8B1D64D0F50066810B = {
						CreatedOnToolsVersion = 7.3.1;
					};
				};
			};
			buildConfigurationList = 39CF3A871D64D0F50066810B /* Build configuration list for PBXProject "SelectorPizzas" */;
			compatibilityVersion = "Xcode 3.2";
			developmentRegion = English;
			hasScannedForEncodings = 0;
			knownRegions = (
				en,
				Base,
			);
			mainGroup = 39CF3A831D64D0F50066810B;
			productRefGroup = 39CF3A8D1D64D0F50066810B /* Products */;
			projectDirPath = "";
			projectRoot = "";
			targets = (
				39CF3A8B1D64D0F50066810B /* SelectorPizzas */,
			);
		};
/* End PBXProject section */

/* Begin PBXResourcesBuildPhase section */
		39CF3A8A1D64D0F50066810B /* Resources */ = {
			isa = PBXResourcesBuildPhase;
			buildActionMask = 2147483647;
			files = (
				39CF3A9A1D64D0F60066810B /* LaunchScreen.storyboard in Resources */,
				39CF3A971D64D0F60066810B /* Assets.xcassets in Resources */,
				39CF3A951D64D0F60066810B /* Main.storyboard in Resources */,
			);
			runOnlyForDeploymentPostprocessing = 0;
		};
/* End PBXResourcesBuildPhase section */

/* Begin PBXSourcesBuildPhase section */
		39CF3A881D64D0F50066810B /* Sources */ = {
			isa = PBXSourcesBuildPhase;
			buildActionMask = 2147483647;
			files = (
				39CF3AA61D64DED80066810B /* TipoMasa.swift in Sources */,
				39CF3A921D64D0F50066810B /* ViewController.swift in Sources */,
				39CF3AAA1D64DF110066810B /* Ingredientes.swift in Sources */,
				39CF3A901D64D0F50066810B /* AppDelegate.swift in Sources */,
				39CF3AA81D64DEF80066810B /* TipoQueso.swift in Sources */,
			);
			runOnlyForDeploymentPostprocessing = 0;
		};
/* End PBXSourcesBuildPhase section */

/* Begin PBXVariantGroup section */
		39CF3A931D64D0F60066810B /* Main.storyboard */ = {
			isa = PBXVariantGroup;
			children = (
				39CF3A941D64D0F60066810B /* Base */,
			);
			name = Main.storyboard;
			sourceTree = "<group>";
		};
		39CF3A981D64D0F60066810B /* LaunchScreen.storyboard */ = {
			isa = PBXVariantGroup;
			children = (
				39CF3A991D64D0F60066810B /* Base */,
			);
			name = LaunchScreen.storyboard;
			sourceTree = "<group>";
		};
/* End PBXVariantGroup section */

/* Begin XCBuildConfiguration section */
		39CF3A9C1D64D0F60066810B /* Debug */ = {
			isa = XCBuildConfiguration;
			buildSettings = {
				ALWAYS_SEARCH_USER_PATHS = NO;
				CLANG_ANALYZER_NONNULL = YES;
				CLANG_CXX_LANGUAGE_STANDARD = "gnu++0x";
				CLANG_CXX_LIBRARY = "libc++";
				CLANG_ENABLE_MODULES = YES;
				CLANG_ENABLE_OBJC_ARC = YES;
				CLANG_WARN_BOOL_CONVERSION = YES;
				CLANG_WARN_CONSTANT_CONVERSION = YES;
				CLANG_WARN_DIRECT_OBJC_ISA_USAGE = YES_ERROR;
				CLANG_WARN_EMPTY_BODY = YES;
				CLANG_WARN_ENUM_CONVERSION = YES;
				CLANG_WARN_INT_CONVERSION = YES;
				CLANG_WARN_OBJC_ROOT_CLASS = YES_ERROR;
				CLANG_WARN_UNREACHABLE_CODE = YES;
				CLANG_WARN__DUPLICATE_METHOD_MATCH = YES;
				"CODE_SIGN_IDENTITY[sdk=iphoneos*]" = "iPhone Developer";
				COPY_PHASE_STRIP = NO;
				DEBUG_INFORMATION_FORMAT = dwarf;
				ENABLE_STRICT_OBJC_MSGSEND = YES;
				ENABLE_TESTABILITY = YES;
				GCC_C_LANGUAGE_STANDARD = gnu99;
				GCC_DYNAMIC_NO_PIC = NO;
				GCC_NO_COMMON_BLOCKS = YES;
				GCC_OPTIMIZATION_LEVEL = 0;
				GCC_PREPROCESSOR_DEFINITIONS = (
					"DEBUG=1",
					"$(inherited)",
				);
				GCC_WARN_64_TO_32_BIT_CONVERSION = YES;
				GCC_WARN_ABOUT_RETURN_TYPE = YES_ERROR;
				GCC_WARN_UNDECLARED_SELECTOR = YES;
				GCC_WARN_UNINITIALIZED_AUTOS = YES_AGGRESSIVE;
				GCC_WARN_UNUSED_FUNCTION = YES;
				GCC_WARN_UNUSED_VARIABLE = YES;
				IPHONEOS_DEPLOYMENT_TARGET = 9.3;
				MTL_ENABLE_DEBUG_INFO = YES;
				ONLY_ACTIVE_ARCH = YES;
				SDKROOT = iphoneos;
				SWIFT_OPTIMIZATION_LEVEL = "-Onone";
				TARGETED_DEVICE_FAMILY = "1,2";
			};
			name = Debug;
		};
		39CF3A9D1D64D0F60066810B /* Release */ = {
			isa = XCBuildConfiguration;
			buildSettings = {
				ALWAYS_SEARCH_USER_PATHS = NO;
				CLANG_ANALYZER_NONNULL = YES;
				CLANG_CXX_LANGUAGE_STANDARD = "gnu++0x";
				CLANG_CXX_LIBRARY = "libc++";
				CLANG_ENABLE_MODULES = YES;
				CLANG_ENABLE_OBJC_ARC = YES;
				CLANG_WARN_BOOL_CONVERSION = YES;
				CLANG_WARN_CONSTANT_CONVERSION = YES;
				CLANG_WARN_DIRECT_OBJC_ISA_USAGE = YES_ERROR;
				CLANG_WARN_EMPTY_BODY = YES;
				CLANG_WARN_ENUM_CONVERSION = YES;
				CLANG_WARN_INT_CONVERSION = YES;
				CLANG_WARN_OBJC_ROOT_CLASS = YES_ERROR;
				CLANG_WARN_UNREACHABLE_CODE = YES;
				CLANG_WARN__DUPLICATE_METHOD_MATCH = YES;
				"CODE_SIGN_IDENTITY[sdk=iphoneos*]" = "iPhone Developer";
				COPY_PHASE_STRIP = NO;
				DEBUG_INFORMATION_FORMAT = "dwarf-with-dsym";
				ENABLE_NS_ASSERTIONS = NO;
				ENABLE_STRICT_OBJC_MSGSEND = YES;
				GCC_C_LANGUAGE_STANDARD = gnu99;
				GCC_NO_COMMON_BLOCKS = YES;
				GCC_WARN_64_TO_32_BIT_CONVERSION = YES;
				GCC_WARN_ABOUT_RETURN_TYPE = YES_ERROR;
				GCC_WARN_UNDECLARED_SELECTOR = YES;
				GCC_WARN_UNINITIALIZED_AUTOS = YES_AGGRESSIVE;
				GCC_WARN_UNUSED_FUNCTION = YES;
				GCC_WARN_UNUSED_VARIABLE = YES;
				IPHONEOS_DEPLOYMENT_TARGET = 9.3;
				MTL_ENABLE_DEBUG_INFO = NO;
				SDKROOT = iphoneos;
				TARGETED_DEVICE_FAMILY = "1,2";
				VALIDATE_PRODUCT = YES;
			};
			name = Release;
		};
		39CF3A9F1D64D0F60066810B /* Debug */ = {
			isa = XCBuildConfiguration;
			buildSettings = {
				ASSETCATALOG_COMPILER_APPICON_NAME = AppIcon;
				INFOPLIST_FILE = SelectorPizzas/Info.plist;
				LD_RUNPATH_SEARCH_PATHS = "$(inherited) @executable_path/Frameworks";
				PRODUCT_BUNDLE_IDENTIFIER = com.whatlio.SelectorPizzas;
				PRODUCT_NAME = "$(TARGET_NAME)";
			};
			name = Debug;
		};
		39CF3AA01D64D0F60066810B /* Release */ = {
			isa = XCBuildConfiguration;
			buildSettings = {
				ASSETCATALOG_COMPILER_APPICON_NAME = AppIcon;
				INFOPLIST_FILE = SelectorPizzas/Info.plist;
				LD_RUNPATH_SEARCH_PATHS = "$(inherited) @executable_path/Frameworks";
				PRODUCT_BUNDLE_IDENTIFIER = com.whatlio.SelectorPizzas;
				PRODUCT_NAME = "$(TARGET_NAME)";
			};
			name = Release;
		};
/* End XCBuildConfiguration section */

/* Begin XCConfigurationList section */
		39CF3A871D64D0F50066810B /* Build configuration list for PBXProject "SelectorPizzas" */ = {
			isa = XCConfigurationList;
			buildConfigurations = (
				39CF3A9C1D64D0F60066810B /* Debug */,
				39CF3A9D1D64D0F60066810B /* Release */,
			);
			defaultConfigurationIsVisible = 0;
			defaultConfigurationName = Release;
		};
		39CF3A9E1D64D0F60066810B /* Build configuration list for PBXNativeTarget "SelectorPizzas" */ = {
			isa = XCConfigurationList;
			buildConfigurations = (
				39CF3A9F1D64D0F60066810B /* Debug */,
				39CF3AA01D64D0F60066810B /* Release */,
			);
			defaultConfigurationIsVisible = 0;
			defaultConfigurationName = Release;
		};
/* End XCConfigurationList section */
	};
	rootObject = 39CF3A841D64D0F50066810B /* Project object */;
}
